<Solution>
  <Folder Name="/Task0/">
    <Project Path="Tyuiu.PetrovDR.Sprint5.Task0.V22.Lib/Tyuiu.PetrovDR.Sprint5.Task0.V22.Lib.csproj" />
    <Project Path="Tyuiu.PetrovDR.Sprint5.Task0.V22.Test/Tyuiu.PetrovDR.Sprint5.Task0.V22.Test.csproj" />
    <Project Path="Tyuiu.PetrovDR.Sprint5.Task0.V22/Tyuiu.PetrovDR.Sprint5.Task0.V22.csproj" />
  </Folder>
</Solution>
